# This file is autogenerated, do not edit; changes may be undone by the next 'dep ensure'.


[[projects]]
  name = "github.com/confluentinc/confluent-kafka-go"
  packages = ["kafka"]
  revision = "a9b5c269c66e9a2eb5f195563b2f01e65a84c527"
  version = "v0.9.4"

[[projects]]
  name = "github.com/go-redis/redis"
  packages = [".","internal","internal/consistenthash","internal/hashtag","internal/pool","internal/proto"]
  revision = "da63fe7def48e378caf9539abf64b9b1e37bc01e"
  version = "v6.5.3"

[[projects]]
  name = "github.com/secmask/go-redisproto"
  packages = ["."]
  revision = "14323b204640af1628764b06726c64fe040998e1"

[[projects]]
  name = "github.com/urfave/cli"
  packages = ["."]
  revision = "a14d7d367bc02b1f57d88de97926727f2d936387"
  version = "v1.18.1"

[[projects]]
  branch = "master"
  name = "golang.org/x/sync"
  packages = ["syncmap"]
  revision = "f52d1811a62927559de87708c8913c1650ce4f26"

[solve-meta]
  analyzer-name = "dep"
  analyzer-version = 1
  inputs-digest = "5c3720cc061e4bf55477fd93e942d61ab7a6ca9499024faec68f3e4643f3c5db"
  solver-name = "gps-cdcl"
  solver-version = 1
