# This file is autogenerated, do not edit; changes may be undone by the next 'dep ensure'.


[[projects]]
  branch = "master"
  name = "github.com/agis/spawn"
  packages = ["."]
  revision = "2b1649feb264e6da334b227f2233b76b8d88c96c"

[[projects]]
  name = "github.com/confluentinc/confluent-kafka-go"
  packages = ["kafka"]
  revision = "5e4d04e05fc319ce5996a867aafef29059f26862"
  version = "v0.11.4"

[[projects]]
  name = "github.com/go-redis/redis"
  packages = [".","internal","internal/consistenthash","internal/hashtag","internal/pool","internal/proto"]
  revision = "da63fe7def48e378caf9539abf64b9b1e37bc01e"
  version = "v6.5.3"

[[projects]]
  name = "github.com/secmask/go-redisproto"
  packages = ["."]
  revision = "14323b204640af1628764b06726c64fe040998e1"

[[projects]]
  name = "github.com/urfave/cli"
  packages = ["."]
  revision = "a14d7d367bc02b1f57d88de97926727f2d936387"
  version = "v1.18.1"

[solve-meta]
  analyzer-name = "dep"
  analyzer-version = 1
  inputs-digest = "cfe03ee098cc6aab25431931f69fee28a5db8efd013c910449fa6cf12aca7f45"
  solver-name = "gps-cdcl"
  solver-version = 1
